Microsoft Visual Studio Solution File, Format Version 11.00
# Visual Studio 2008

Project("{E1B70056-C63C-72BD-D8A6-E51485E4133E}") = "DudeWeedLmao", "Assembly-CSharp.csproj", "{97908501-4AE0-D1E2-E71D-2C8AD40D05B0}"
EndProject
Global
	GlobalSection(SolutionConfigurationPlatforms) = preSolution
		Debug|Any CPU = Debug|Any CPU
		Release|Any CPU = Release|Any CPU
	EndGlobalSection
	GlobalSection(ProjectConfigurationPlatforms) = postSolution
		{97908501-4AE0-D1E2-E71D-2C8AD40D05B0}.Debug|Any CPU.ActiveCfg = Debug|Any CPU
		{97908501-4AE0-D1E2-E71D-2C8AD40D05B0}.Debug|Any CPU.Build.0 = Debug|Any CPU
		{97908501-4AE0-D1E2-E71D-2C8AD40D05B0}.Release|Any CPU.ActiveCfg = Release|Any CPU
		{97908501-4AE0-D1E2-E71D-2C8AD40D05B0}.Release|Any CPU.Build.0 = Release|Any CPU
	EndGlobalSection
	GlobalSection(SolutionProperties) = preSolution
		HideSolutionNode = FALSE
	EndGlobalSection
	GlobalSection(MonoDevelopProperties) = preSolution
		StartupItem = Assembly-CSharp.csproj
	EndGlobalSection
EndGlobal
